// !$*UTF8*$!
{
	archiveVersion = 1;
	classes = {
	};
	objectVersion = 48;
	objects = {

/* Begin PBXBuildFile section */
		FB68C6EE2019419D001DAE0D /* main.cpp in Sources */ = {isa = PBXBuildFile; fileRef = FB68C6CF2019419B001DAE0D /* main.cpp */; };
		FB68C6F12019419D001DAE0D /* mp1.cpp in Sources */ = {isa = PBXBuildFile; fileRef = FB68C6E42019419C001DAE0D /* mp1.cpp */; };
		FB68C6F22019419D001DAE0D /* HSLAPixel.cpp in Sources */ = {isa = PBXBuildFile; fileRef = FB68C6E62019419D001DAE0D /* HSLAPixel.cpp */; };
		FB68C6F32019419D001DAE0D /* lodepng.cpp in Sources */ = {isa = PBXBuildFile; fileRef = FB68C6E92019419D001DAE0D /* lodepng.cpp */; };
		FB68C6F42019419D001DAE0D /* PNG.cpp in Sources */ = {isa = PBXBuildFile; fileRef = FB68C6EB2019419D001DAE0D /* PNG.cpp */; };
/* End PBXBuildFile section */

/* Begin PBXCopyFilesBuildPhase section */
		FB68C6C120194091001DAE0D /* CopyFiles */ = {
			isa = PBXCopyFilesBuildPhase;
			buildActionMask = 2147483647;
			dstPath = /usr/share/man/man1/;
			dstSubfolderSpec = 0;
			files = (
			);
			runOnlyForDeploymentPostprocessing = 1;
		};
/* End PBXCopyFilesBuildPhase section */

/* Begin PBXFileReference section */
		FB68C6C320194091001DAE0D /* mp1 */ = {isa = PBXFileReference; explicitFileType = "compiled.mach-o.executable"; includeInIndex = 0; path = mp1; sourceTree = BUILT_PRODUCTS_DIR; };
		FB68C6CD2019419B001DAE0D /* art.png */ = {isa = PBXFileReference; lastKnownFileType = image.png; path = art.png; sourceTree = "<group>"; };
		FB68C6CE2019419B001DAE0D /* out_01.png */ = {isa = PBXFileReference; lastKnownFileType = image.png; path = out_01.png; sourceTree = "<group>"; };
		FB68C6CF2019419B001DAE0D /* main.cpp */ = {isa = PBXFileReference; fileEncoding = 4; lastKnownFileType = sourcecode.cpp.cpp; path = main.cpp; sourceTree = "<group>"; };
		FB68C6D02019419B001DAE0D /* out.png */ = {isa = PBXFileReference; lastKnownFileType = image.png; path = out.png; sourceTree = "<group>"; };
		FB68C6D12019419C001DAE0D /* out_02.png */ = {isa = PBXFileReference; lastKnownFileType = image.png; path = out_02.png; sourceTree = "<group>"; };
		FB68C6D22019419C001DAE0D /* out_03.png */ = {isa = PBXFileReference; lastKnownFileType = image.png; path = out_03.png; sourceTree = "<group>"; };
		FB68C6D32019419C001DAE0D /* Doxyfile */ = {isa = PBXFileReference; fileEncoding = 4; lastKnownFileType = text; path = Doxyfile; sourceTree = "<group>"; };
		FB68C6D42019419C001DAE0D /* Makefile */ = {isa = PBXFileReference; fileEncoding = 4; lastKnownFileType = sourcecode.make; path = Makefile; sourceTree = "<group>"; };
		FB68C6D52019419C001DAE0D /* in.png */ = {isa = PBXFileReference; lastKnownFileType = image.png; path = in.png; sourceTree = "<group>"; };
		FB68C6D62019419C001DAE0D /* in_03.png */ = {isa = PBXFileReference; lastKnownFileType = image.png; path = in_03.png; sourceTree = "<group>"; };
		FB68C6D72019419C001DAE0D /* in_02.png */ = {isa = PBXFileReference; lastKnownFileType = image.png; path = in_02.png; sourceTree = "<group>"; };
		FB68C6D82019419C001DAE0D /* mp1.h */ = {isa = PBXFileReference; fileEncoding = 4; lastKnownFileType = sourcecode.c.h; path = mp1.h; sourceTree = "<group>"; };
		FB68C6D92019419C001DAE0D /* in_01.png */ = {isa = PBXFileReference; lastKnownFileType = image.png; path = in_01.png; sourceTree = "<group>"; };
		FB68C6E42019419C001DAE0D /* mp1.cpp */ = {isa = PBXFileReference; fileEncoding = 4; lastKnownFileType = sourcecode.cpp.cpp; path = mp1.cpp; sourceTree = "<group>"; };
		FB68C6E62019419D001DAE0D /* HSLAPixel.cpp */ = {isa = PBXFileReference; fileEncoding = 4; lastKnownFileType = sourcecode.cpp.cpp; path = HSLAPixel.cpp; sourceTree = "<group>"; };
		FB68C6E72019419D001DAE0D /* HSLAPixel.h */ = {isa = PBXFileReference; fileEncoding = 4; lastKnownFileType = sourcecode.c.h; path = HSLAPixel.h; sourceTree = "<group>"; };
		FB68C6E92019419D001DAE0D /* lodepng.cpp */ = {isa = PBXFileReference; fileEncoding = 4; lastKnownFileType = sourcecode.cpp.cpp; path = lodepng.cpp; sourceTree = "<group>"; };
		FB68C6EA2019419D001DAE0D /* lodepng.h */ = {isa = PBXFileReference; fileEncoding = 4; lastKnownFileType = sourcecode.c.h; path = lodepng.h; sourceTree = "<group>"; };
		FB68C6EB2019419D001DAE0D /* PNG.cpp */ = {isa = PBXFileReference; fileEncoding = 4; lastKnownFileType = sourcecode.cpp.cpp; path = PNG.cpp; sourceTree = "<group>"; };
		FB68C6EC2019419D001DAE0D /* PNG.h */ = {isa = PBXFileReference; fileEncoding = 4; lastKnownFileType = sourcecode.c.h; path = PNG.h; sourceTree = "<group>"; };
		FB68C6ED2019419D001DAE0D /* RGB_HSL.h */ = {isa = PBXFileReference; fileEncoding = 4; lastKnownFileType = sourcecode.c.h; path = RGB_HSL.h; sourceTree = "<group>"; };
/* End PBXFileReference section */

/* Begin PBXFrameworksBuildPhase section */
		FB68C6C020194091001DAE0D /* Frameworks */ = {
			isa = PBXFrameworksBuildPhase;
			buildActionMask = 2147483647;
			files = (
			);
			runOnlyForDeploymentPostprocessing = 0;
		};
/* End PBXFrameworksBuildPhase section */

/* Begin PBXGroup section */
		FB68C6BA20194091001DAE0D = {
			isa = PBXGroup;
			children = (
				FB68C6CD2019419B001DAE0D /* art.png */,
				FB68C6E52019419D001DAE0D /* cs225 */,
				FB68C6D32019419C001DAE0D /* Doxyfile */,
				FB68C6D92019419C001DAE0D /* in_01.png */,
				FB68C6D72019419C001DAE0D /* in_02.png */,
				FB68C6D62019419C001DAE0D /* in_03.png */,
				FB68C6D52019419C001DAE0D /* in.png */,
				FB68C6CF2019419B001DAE0D /* main.cpp */,
				FB68C6D42019419C001DAE0D /* Makefile */,
				FB68C6E42019419C001DAE0D /* mp1.cpp */,
				FB68C6D82019419C001DAE0D /* mp1.h */,
				FB68C6CE2019419B001DAE0D /* out_01.png */,
				FB68C6D12019419C001DAE0D /* out_02.png */,
				FB68C6D22019419C001DAE0D /* out_03.png */,
				FB68C6D02019419B001DAE0D /* out.png */,
				FB68C6C420194091001DAE0D /* Products */,
			);
			sourceTree = "<group>";
		};
		FB68C6C420194091001DAE0D /* Products */ = {
			isa = PBXGroup;
			children = (
				FB68C6C320194091001DAE0D /* mp1 */,
			);
			name = Products;
			sourceTree = "<group>";
		};
		FB68C6E52019419D001DAE0D /* cs225 */ = {
			isa = PBXGroup;
			children = (
				FB68C6E62019419D001DAE0D /* HSLAPixel.cpp */,
				FB68C6E72019419D001DAE0D /* HSLAPixel.h */,
				FB68C6E82019419D001DAE0D /* lodepng */,
				FB68C6EB2019419D001DAE0D /* PNG.cpp */,
				FB68C6EC2019419D001DAE0D /* PNG.h */,
				FB68C6ED2019419D001DAE0D /* RGB_HSL.h */,
			);
			path = cs225;
			sourceTree = "<group>";
		};
		FB68C6E82019419D001DAE0D /* lodepng */ = {
			isa = PBXGroup;
			children = (
				FB68C6E92019419D001DAE0D /* lodepng.cpp */,
				FB68C6EA2019419D001DAE0D /* lodepng.h */,
			);
			path = lodepng;
			sourceTree = "<group>";
		};
/* End PBXGroup section */

/* Begin PBXNativeTarget section */
		FB68C6C220194091001DAE0D /* mp1 */ = {
			isa = PBXNativeTarget;
			buildConfigurationList = FB68C6CA20194091001DAE0D /* Build configuration list for PBXNativeTarget "mp1" */;
			buildPhases = (
				FB68C6BF20194091001DAE0D /* Sources */,
				FB68C6C020194091001DAE0D /* Frameworks */,
				FB68C6C120194091001DAE0D /* CopyFiles */,
			);
			buildRules = (
			);
			dependencies = (
			);
			name = mp1;
			productName = mp1;
			productReference = FB68C6C320194091001DAE0D /* mp1 */;
			productType = "com.apple.product-type.tool";
		};
/* End PBXNativeTarget section */

/* Begin PBXProject section */
		FB68C6BB20194091001DAE0D /* Project object */ = {
			isa = PBXProject;
			attributes = {
				LastUpgradeCheck = 0920;
				ORGANIZATIONNAME = "黄浩航";
				TargetAttributes = {
					FB68C6C220194091001DAE0D = {
						CreatedOnToolsVersion = 9.2;
						ProvisioningStyle = Automatic;
					};
				};
			};
			buildConfigurationList = FB68C6BE20194091001DAE0D /* Build configuration list for PBXProject "mp1" */;
			compatibilityVersion = "Xcode 8.0";
			developmentRegion = en;
			hasScannedForEncodings = 0;
			knownRegions = (
				en,
			);
			mainGroup = FB68C6BA20194091001DAE0D;
			productRefGroup = FB68C6C420194091001DAE0D /* Products */;
			projectDirPath = "";
			projectRoot = "";
			targets = (
				FB68C6C220194091001DAE0D /* mp1 */,
			);
		};
/* End PBXProject section */

/* Begin PBXSourcesBuildPhase section */
		FB68C6BF20194091001DAE0D /* Sources */ = {
			isa = PBXSourcesBuildPhase;
			buildActionMask = 2147483647;
			files = (
				FB68C6F12019419D001DAE0D /* mp1.cpp in Sources */,
				FB68C6F42019419D001DAE0D /* PNG.cpp in Sources */,
				FB68C6F32019419D001DAE0D /* lodepng.cpp in Sources */,
				FB68C6F22019419D001DAE0D /* HSLAPixel.cpp in Sources */,
				FB68C6EE2019419D001DAE0D /* main.cpp in Sources */,
			);
			runOnlyForDeploymentPostprocessing = 0;
		};
/* End PBXSourcesBuildPhase section */

/* Begin XCBuildConfiguration section */
		FB68C6C820194091001DAE0D /* Debug */ = {
			isa = XCBuildConfiguration;
			buildSettings = {
				ALWAYS_SEARCH_USER_PATHS = NO;
				CLANG_ANALYZER_NONNULL = YES;
				CLANG_ANALYZER_NUMBER_OBJECT_CONVERSION = YES_AGGRESSIVE;
				CLANG_CXX_LANGUAGE_STANDARD = "gnu++14";
				CLANG_CXX_LIBRARY = "libc++";
				CLANG_ENABLE_MODULES = YES;
				CLANG_ENABLE_OBJC_ARC = YES;
				CLANG_WARN_BLOCK_CAPTURE_AUTORELEASING = YES;
				CLANG_WARN_BOOL_CONVERSION = YES;
				CLANG_WARN_COMMA = YES;
				CLANG_WARN_CONSTANT_CONVERSION = YES;
				CLANG_WARN_DIRECT_OBJC_ISA_USAGE = YES_ERROR;
				CLANG_WARN_DOCUMENTATION_COMMENTS = YES;
				CLANG_WARN_EMPTY_BODY = YES;
				CLANG_WARN_ENUM_CONVERSION = YES;
				CLANG_WARN_INFINITE_RECURSION = YES;
				CLANG_WARN_INT_CONVERSION = YES;
				CLANG_WARN_NON_LITERAL_NULL_CONVERSION = YES;
				CLANG_WARN_OBJC_LITERAL_CONVERSION = YES;
				CLANG_WARN_OBJC_ROOT_CLASS = YES_ERROR;
				CLANG_WARN_RANGE_LOOP_ANALYSIS = YES;
				CLANG_WARN_STRICT_PROTOTYPES = YES;
				CLANG_WARN_SUSPICIOUS_MOVE = YES;
				CLANG_WARN_UNGUARDED_AVAILABILITY = YES_AGGRESSIVE;
				CLANG_WARN_UNREACHABLE_CODE = YES;
				CLANG_WARN__DUPLICATE_METHOD_MATCH = YES;
				CODE_SIGN_IDENTITY = "-";
				COPY_PHASE_STRIP = NO;
				DEBUG_INFORMATION_FORMAT = dwarf;
				ENABLE_STRICT_OBJC_MSGSEND = YES;
				ENABLE_TESTABILITY = YES;
				GCC_C_LANGUAGE_STANDARD = gnu11;
				GCC_DYNAMIC_NO_PIC = NO;
				GCC_NO_COMMON_BLOCKS = YES;
				GCC_OPTIMIZATION_LEVEL = 0;
				GCC_PREPROCESSOR_DEFINITIONS = (
					"DEBUG=1",
					"$(inherited)",
				);
				GCC_WARN_64_TO_32_BIT_CONVERSION = YES;
				GCC_WARN_ABOUT_RETURN_TYPE = YES_ERROR;
				GCC_WARN_UNDECLARED_SELECTOR = YES;
				GCC_WARN_UNINITIALIZED_AUTOS = YES_AGGRESSIVE;
				GCC_WARN_UNUSED_FUNCTION = YES;
				GCC_WARN_UNUSED_VARIABLE = YES;
				MACOSX_DEPLOYMENT_TARGET = 10.12;
				MTL_ENABLE_DEBUG_INFO = YES;
				ONLY_ACTIVE_ARCH = YES;
				SDKROOT = macosx;
			};
			name = Debug;
		};
		FB68C6C920194091001DAE0D /* Release */ = {
			isa = XCBuildConfiguration;
			buildSettings = {
				ALWAYS_SEARCH_USER_PATHS = NO;
				CLANG_ANALYZER_NONNULL = YES;
				CLANG_ANALYZER_NUMBER_OBJECT_CONVERSION = YES_AGGRESSIVE;
				CLANG_CXX_LANGUAGE_STANDARD = "gnu++14";
				CLANG_CXX_LIBRARY = "libc++";
				CLANG_ENABLE_MODULES = YES;
				CLANG_ENABLE_OBJC_ARC = YES;
				CLANG_WARN_BLOCK_CAPTURE_AUTORELEASING = YES;
				CLANG_WARN_BOOL_CONVERSION = YES;
				CLANG_WARN_COMMA = YES;
				CLANG_WARN_CONSTANT_CONVERSION = YES;
				CLANG_WARN_DIRECT_OBJC_ISA_USAGE = YES_ERROR;
				CLANG_WARN_DOCUMENTATION_COMMENTS = YES;
				CLANG_WARN_EMPTY_BODY = YES;
				CLANG_WARN_ENUM_CONVERSION = YES;
				CLANG_WARN_INFINITE_RECURSION = YES;
				CLANG_WARN_INT_CONVERSION = YES;
				CLANG_WARN_NON_LITERAL_NULL_CONVERSION = YES;
				CLANG_WARN_OBJC_LITERAL_CONVERSION = YES;
				CLANG_WARN_OBJC_ROOT_CLASS = YES_ERROR;
				CLANG_WARN_RANGE_LOOP_ANALYSIS = YES;
				CLANG_WARN_STRICT_PROTOTYPES = YES;
				CLANG_WARN_SUSPICIOUS_MOVE = YES;
				CLANG_WARN_UNGUARDED_AVAILABILITY = YES_AGGRESSIVE;
				CLANG_WARN_UNREACHABLE_CODE = YES;
				CLANG_WARN__DUPLICATE_METHOD_MATCH = YES;
				CODE_SIGN_IDENTITY = "-";
				COPY_PHASE_STRIP = NO;
				DEBUG_INFORMATION_FORMAT = "dwarf-with-dsym";
				ENABLE_NS_ASSERTIONS = NO;
				ENABLE_STRICT_OBJC_MSGSEND = YES;
				GCC_C_LANGUAGE_STANDARD = gnu11;
				GCC_NO_COMMON_BLOCKS = YES;
				GCC_WARN_64_TO_32_BIT_CONVERSION = YES;
				GCC_WARN_ABOUT_RETURN_TYPE = YES_ERROR;
				GCC_WARN_UNDECLARED_SELECTOR = YES;
				GCC_WARN_UNINITIALIZED_AUTOS = YES_AGGRESSIVE;
				GCC_WARN_UNUSED_FUNCTION = YES;
				GCC_WARN_UNUSED_VARIABLE = YES;
				MACOSX_DEPLOYMENT_TARGET = 10.12;
				MTL_ENABLE_DEBUG_INFO = NO;
				SDKROOT = macosx;
			};
			name = Release;
		};
		FB68C6CB20194091001DAE0D /* Debug */ = {
			isa = XCBuildConfiguration;
			buildSettings = {
				CODE_SIGN_STYLE = Automatic;
				HEADER_SEARCH_PATHS = usr/local/;
				LIBRARY_SEARCH_PATHS = /usr/local/lib;
				PRODUCT_NAME = "$(TARGET_NAME)";
			};
			name = Debug;
		};
		FB68C6CC20194091001DAE0D /* Release */ = {
			isa = XCBuildConfiguration;
			buildSettings = {
				CODE_SIGN_STYLE = Automatic;
				HEADER_SEARCH_PATHS = usr/local/;
				LIBRARY_SEARCH_PATHS = /usr/local/lib;
				PRODUCT_NAME = "$(TARGET_NAME)";
			};
			name = Release;
		};
/* End XCBuildConfiguration section */

/* Begin XCConfigurationList section */
		FB68C6BE20194091001DAE0D /* Build configuration list for PBXProject "mp1" */ = {
			isa = XCConfigurationList;
			buildConfigurations = (
				FB68C6C820194091001DAE0D /* Debug */,
				FB68C6C920194091001DAE0D /* Release */,
			);
			defaultConfigurationIsVisible = 0;
			defaultConfigurationName = Release;
		};
		FB68C6CA20194091001DAE0D /* Build configuration list for PBXNativeTarget "mp1" */ = {
			isa = XCConfigurationList;
			buildConfigurations = (
				FB68C6CB20194091001DAE0D /* Debug */,
				FB68C6CC20194091001DAE0D /* Release */,
			);
			defaultConfigurationIsVisible = 0;
			defaultConfigurationName = Release;
		};
/* End XCConfigurationList section */
	};
	rootObject = FB68C6BB20194091001DAE0D /* Project object */;
}
